
Microsoft Visual Studio Solution File, Format Version 12.00
# Visual Studio Version 17
VisualStudioVersion = 17.2.32519.379
MinimumVisualStudioVersion = 10.0.40219.1
Project("{FAE04EC0-301F-11D3-BF4B-00C04F79EFBC}") = "PluginLoader.Interface", "PluginLoader.Interface\PluginLoader.Interface.csproj", "{99AE8C83-6D29-41BE-B9B4-CADE3E7BAF67}"
EndProject
Project("{FAE04EC0-301F-11D3-BF4B-00C04F79EFBC}") = "PluginLoader", "PluginLoader\PluginLoader.csproj", "{F6CC1C69-CCA1-4E44-B3C9-2688A767C503}"
EndProject
Project("{FAE04EC0-301F-11D3-BF4B-00C04F79EFBC}") = "PluginA", "PluginA\PluginA.csproj", "{E92F1CED-15F5-470D-BE7B-7CDE4A087798}"
EndProject
Project("{FAE04EC0-301F-11D3-BF4B-00C04F79EFBC}") = "PluginB", "PluginB\PluginB.csproj", "{667E7AA9-437A-490C-B496-AB8A093E262F}"
EndProject
Global
	GlobalSection(SolutionConfigurationPlatforms) = preSolution
		Debug|Any CPU = Debug|Any CPU
		Release|Any CPU = Release|Any CPU
	EndGlobalSection
	GlobalSection(ProjectConfigurationPlatforms) = postSolution
		{99AE8C83-6D29-41BE-B9B4-CADE3E7BAF67}.Debug|Any CPU.ActiveCfg = Debug|Any CPU
		{99AE8C83-6D29-41BE-B9B4-CADE3E7BAF67}.Debug|Any CPU.Build.0 = Debug|Any CPU
		{99AE8C83-6D29-41BE-B9B4-CADE3E7BAF67}.Release|Any CPU.ActiveCfg = Release|Any CPU
		{99AE8C83-6D29-41BE-B9B4-CADE3E7BAF67}.Release|Any CPU.Build.0 = Release|Any CPU
		{F6CC1C69-CCA1-4E44-B3C9-2688A767C503}.Debug|Any CPU.ActiveCfg = Debug|Any CPU
		{F6CC1C69-CCA1-4E44-B3C9-2688A767C503}.Debug|Any CPU.Build.0 = Debug|Any CPU
		{F6CC1C69-CCA1-4E44-B3C9-2688A767C503}.Release|Any CPU.ActiveCfg = Release|Any CPU
		{F6CC1C69-CCA1-4E44-B3C9-2688A767C503}.Release|Any CPU.Build.0 = Release|Any CPU
		{E92F1CED-15F5-470D-BE7B-7CDE4A087798}.Debug|Any CPU.ActiveCfg = Debug|Any CPU
		{E92F1CED-15F5-470D-BE7B-7CDE4A087798}.Debug|Any CPU.Build.0 = Debug|Any CPU
		{E92F1CED-15F5-470D-BE7B-7CDE4A087798}.Release|Any CPU.ActiveCfg = Release|Any CPU
		{E92F1CED-15F5-470D-BE7B-7CDE4A087798}.Release|Any CPU.Build.0 = Release|Any CPU
		{667E7AA9-437A-490C-B496-AB8A093E262F}.Debug|Any CPU.ActiveCfg = Debug|Any CPU
		{667E7AA9-437A-490C-B496-AB8A093E262F}.Debug|Any CPU.Build.0 = Debug|Any CPU
		{667E7AA9-437A-490C-B496-AB8A093E262F}.Release|Any CPU.ActiveCfg = Release|Any CPU
		{667E7AA9-437A-490C-B496-AB8A093E262F}.Release|Any CPU.Build.0 = Release|Any CPU
	EndGlobalSection
	GlobalSection(SolutionProperties) = preSolution
		HideSolutionNode = FALSE
	EndGlobalSection
	GlobalSection(ExtensibilityGlobals) = postSolution
		SolutionGuid = {44EBD04F-C07B-4429-871D-22D3B50D1673}
	EndGlobalSection
EndGlobal
